{
  "name": "app",
  "version": "1.0.0",
  "lockfileVersion": 1,
  "requires": true,
  "dependencies": {
    "@types/google.maps": {
      "version": "3.52.3",
      "resolved": "https://registry.npmjs.org/@types/google.maps/-/google.maps-3.52.3.tgz",
      "integrity": "sha512-2bIhomvQF3+R/ahhhIsL95mPXEpvOY53wojcXAZSrFylYQuAT6owtmJRDGpSz3SL1PQAVDJ6MYLbH59cLDx7VQ==",
      "dev": true
    },
    "@types/googlemaps": {
      "version": "3.43.3",
      "resolved": "https://registry.npmjs.org/@types/googlemaps/-/googlemaps-3.43.3.tgz",
      "integrity": "sha512-ZWNoz/O8MPEpiajvj7QiqCY8tTLFNqNZ/a+s+zTV58wFVNAvvqV4bdGfnsjTb5Cs4V6wEsLrX8XRhmnyYJ2Tdg==",
      "dev": true
    }
  }
}
